
Microsoft Visual Studio Solution File, Format Version 12.00
# Visual Studio Version 17
VisualStudioVersion = 17.4.33205.214
MinimumVisualStudioVersion = 10.0.40219.1
Project("{FAE04EC0-301F-11D3-BF4B-00C04F79EFBC}") = "Probandoantesdellorar", "Probandoantesdellorar.csproj", "{A462E42C-8276-4C8A-847C-5BD254C02111}"
EndProject
Global
	GlobalSection(SolutionConfigurationPlatforms) = preSolution
		Debug|Any CPU = Debug|Any CPU
		Release|Any CPU = Release|Any CPU
	EndGlobalSection
	GlobalSection(ProjectConfigurationPlatforms) = postSolution
		{A462E42C-8276-4C8A-847C-5BD254C02111}.Debug|Any CPU.ActiveCfg = Debug|Any CPU
		{A462E42C-8276-4C8A-847C-5BD254C02111}.Debug|Any CPU.Build.0 = Debug|Any CPU
		{A462E42C-8276-4C8A-847C-5BD254C02111}.Release|Any CPU.ActiveCfg = Release|Any CPU
		{A462E42C-8276-4C8A-847C-5BD254C02111}.Release|Any CPU.Build.0 = Release|Any CPU
	EndGlobalSection
	GlobalSection(SolutionProperties) = preSolution
		HideSolutionNode = FALSE
	EndGlobalSection
	GlobalSection(ExtensibilityGlobals) = postSolution
		SolutionGuid = {A8855DF8-4837-4568-9DE7-3C0A768E1C14}
	EndGlobalSection
EndGlobal
